// !$*UTF8*$!
{
	archiveVersion = 1;
	classes = {
	};
	objectVersion = 55;
	objects = {

/* Begin PBXBuildFile section */
		8B1754832822A89C00E4AC5D /* LoginWebViewController.swift in Sources */ = {isa = PBXBuildFile; fileRef = 8B1754822822A89C00E4AC5D /* LoginWebViewController.swift */; };
		8B1D536427EA48C000F2A0FD /* FriendsTableViewController.swift in Sources */ = {isa = PBXBuildFile; fileRef = 8B1D536327EA48C000F2A0FD /* FriendsTableViewController.swift */; };
		8B1D536627EA596200F2A0FD /* GroupsTableViewController.swift in Sources */ = {isa = PBXBuildFile; fileRef = 8B1D536527EA596200F2A0FD /* GroupsTableViewController.swift */; };
		8B1D536827EC218F00F2A0FD /* AllGroupsTableViewController.swift in Sources */ = {isa = PBXBuildFile; fileRef = 8B1D536727EC218F00F2A0FD /* AllGroupsTableViewController.swift */; };
		8B1D536A27EC37CB00F2A0FD /* DetailFriendsCollectionViewController.swift in Sources */ = {isa = PBXBuildFile; fileRef = 8B1D536927EC37CB00F2A0FD /* DetailFriendsCollectionViewController.swift */; };
		8B1D537327ED6D4000F2A0FD /* FriendsAndGroupTableViewCell.swift in Sources */ = {isa = PBXBuildFile; fileRef = 8B1D537227ED6D3F00F2A0FD /* FriendsAndGroupTableViewCell.swift */; };
		8B1D537C27EFE48E00F2A0FD /* PhotoCollectionViewCell.swift in Sources */ = {isa = PBXBuildFile; fileRef = 8B1D537B27EFE48E00F2A0FD /* PhotoCollectionViewCell.swift */; };
		8B3367C12826AF0400890314 /* NetworkService.swift in Sources */ = {isa = PBXBuildFile; fileRef = 8B3367C02826AF0400890314 /* NetworkService.swift */; };
		8B3367C32826B35700890314 /* FriendsNetworkService.swift in Sources */ = {isa = PBXBuildFile; fileRef = 8B3367C22826B35700890314 /* FriendsNetworkService.swift */; };
		8B49C2E82838EC3000BE6044 /* Response.swift in Sources */ = {isa = PBXBuildFile; fileRef = 8B49C2E72838EC3000BE6044 /* Response.swift */; };
		8B49C2EA2838F0C400BE6044 /* PhotoModel.swift in Sources */ = {isa = PBXBuildFile; fileRef = 8B49C2E92838F0C400BE6044 /* PhotoModel.swift */; };
		8B49C2EC2838FB1100BE6044 /* FriendModel.swift in Sources */ = {isa = PBXBuildFile; fileRef = 8B49C2EB2838FB1100BE6044 /* FriendModel.swift */; };
		8B49C2EE283900C000BE6044 /* NewsfeedNetworkService.swift in Sources */ = {isa = PBXBuildFile; fileRef = 8B49C2ED283900C000BE6044 /* NewsfeedNetworkService.swift */; };
		8B49C2FB283BFF3F00BE6044 /* RealmSwift in Frameworks */ = {isa = PBXBuildFile; productRef = 8B49C2FA283BFF3F00BE6044 /* RealmSwift */; };
		8B4B30FC27FD3F0B0083A6BB /* AvatarCustomView.swift in Sources */ = {isa = PBXBuildFile; fileRef = 8B4B30FB27FD3F0B0083A6BB /* AvatarCustomView.swift */; };
		8B4B30FE27FD743D0083A6BB /* LikeCustomControl.swift in Sources */ = {isa = PBXBuildFile; fileRef = 8B4B30FD27FD743D0083A6BB /* LikeCustomControl.swift */; };
		8B4B31002800E1830083A6BB /* NavigationFriendsCustomControl.swift in Sources */ = {isa = PBXBuildFile; fileRef = 8B4B30FF2800E1830083A6BB /* NavigationFriendsCustomControl.swift */; };
		8B4B310228025CE20083A6BB /* NewsTableViewController.swift in Sources */ = {isa = PBXBuildFile; fileRef = 8B4B310128025CE20083A6BB /* NewsTableViewController.swift */; };
		8B4B31062804D1390083A6BB /* NewsModel.swift in Sources */ = {isa = PBXBuildFile; fileRef = 8B4B31052804D1390083A6BB /* NewsModel.swift */; };
		8B4B310828071C580083A6BB /* LoadViewController.swift in Sources */ = {isa = PBXBuildFile; fileRef = 8B4B310728071C580083A6BB /* LoadViewController.swift */; };
		8B4B310A28077BAA0083A6BB /* PhotoViewController.swift in Sources */ = {isa = PBXBuildFile; fileRef = 8B4B310928077BA90083A6BB /* PhotoViewController.swift */; };
		8B4B310C280F5A970083A6BB /* TransitionAnimator.swift in Sources */ = {isa = PBXBuildFile; fileRef = 8B4B310B280F5A960083A6BB /* TransitionAnimator.swift */; };
		8B4B310E280F66AA0083A6BB /* NavigationControllerDelegate.swift in Sources */ = {isa = PBXBuildFile; fileRef = 8B4B310D280F66AA0083A6BB /* NavigationControllerDelegate.swift */; };
		8B4B31122811F9E70083A6BB /* Session.swift in Sources */ = {isa = PBXBuildFile; fileRef = 8B4B31112811F9E70083A6BB /* Session.swift */; };
		8BB2C50A2863A9C000D74DF2 /* ContentTextCell.swift in Sources */ = {isa = PBXBuildFile; fileRef = 8BB2C5092863A9C000D74DF2 /* ContentTextCell.swift */; };
		8BB2C50C2863A9D700D74DF2 /* ContentImageCell.swift in Sources */ = {isa = PBXBuildFile; fileRef = 8BB2C50B2863A9D700D74DF2 /* ContentImageCell.swift */; };
		8BB2C50E2863AA0700D74DF2 /* FooterNewsCell.swift in Sources */ = {isa = PBXBuildFile; fileRef = 8BB2C50D2863AA0700D74DF2 /* FooterNewsCell.swift */; };
		8BD28DB627D144AA002555F8 /* AppDelegate.swift in Sources */ = {isa = PBXBuildFile; fileRef = 8BD28DB527D144AA002555F8 /* AppDelegate.swift */; };
		8BD28DB827D144AA002555F8 /* SceneDelegate.swift in Sources */ = {isa = PBXBuildFile; fileRef = 8BD28DB727D144AA002555F8 /* SceneDelegate.swift */; };
		8BD28DBA27D144AA002555F8 /* LoginViewController.swift in Sources */ = {isa = PBXBuildFile; fileRef = 8BD28DB927D144AA002555F8 /* LoginViewController.swift */; };
		8BD28DBD27D144AA002555F8 /* Main.storyboard in Resources */ = {isa = PBXBuildFile; fileRef = 8BD28DBB27D144AA002555F8 /* Main.storyboard */; };
		8BD28DC027D144AA002555F8 /* VK_app.xcdatamodeld in Sources */ = {isa = PBXBuildFile; fileRef = 8BD28DBE27D144AA002555F8 /* VK_app.xcdatamodeld */; };
		8BD28DC227D144AC002555F8 /* Assets.xcassets in Resources */ = {isa = PBXBuildFile; fileRef = 8BD28DC127D144AC002555F8 /* Assets.xcassets */; };
		8BD28DC527D144AC002555F8 /* LaunchScreen.storyboard in Resources */ = {isa = PBXBuildFile; fileRef = 8BD28DC327D144AC002555F8 /* LaunchScreen.storyboard */; };
		8BF81C95282AF37200E81C7B /* PhotosNetworkService.swift in Sources */ = {isa = PBXBuildFile; fileRef = 8BF81C94282AF37200E81C7B /* PhotosNetworkService.swift */; };
		8BF81C97282B0CF700E81C7B /* GroupNetworkService.swift in Sources */ = {isa = PBXBuildFile; fileRef = 8BF81C96282B0CF700E81C7B /* GroupNetworkService.swift */; };
		8BF81CAC282D50BA00E81C7B /* GroupModel.swift in Sources */ = {isa = PBXBuildFile; fileRef = 8BF81CAB282D50BA00E81C7B /* GroupModel.swift */; };
		8BFBCBDC28591BA200514ED6 /* GoogleService-Info.plist in Resources */ = {isa = PBXBuildFile; fileRef = 8BFBCBDB28591BA200514ED6 /* GoogleService-Info.plist */; };
		8BFBCBE72859228F00514ED6 /* FirebaseService.swift in Sources */ = {isa = PBXBuildFile; fileRef = 8BFBCBE62859228F00514ED6 /* FirebaseService.swift */; };
		8BFBCBEC2859518D00514ED6 /* RealmService.swift in Sources */ = {isa = PBXBuildFile; fileRef = 8BFBCBEB2859518D00514ED6 /* RealmService.swift */; };
		8BFBCBEE285951BE00514ED6 /* RealmFriend.swift in Sources */ = {isa = PBXBuildFile; fileRef = 8BFBCBED285951BE00514ED6 /* RealmFriend.swift */; };
		8BFBCBF0285951DD00514ED6 /* RealmGroup.swift in Sources */ = {isa = PBXBuildFile; fileRef = 8BFBCBEF285951DD00514ED6 /* RealmGroup.swift */; };
		8BFBCBF2285951FE00514ED6 /* RealmPhoto.swift in Sources */ = {isa = PBXBuildFile; fileRef = 8BFBCBF1285951FE00514ED6 /* RealmPhoto.swift */; };
		8BFBCBF62859532B00514ED6 /* DataService.swift in Sources */ = {isa = PBXBuildFile; fileRef = 8BFBCBF52859532B00514ED6 /* DataService.swift */; };
/* End PBXBuildFile section */

/* Begin PBXFileReference section */
		8B1754822822A89C00E4AC5D /* LoginWebViewController.swift */ = {isa = PBXFileReference; lastKnownFileType = sourcecode.swift; path = LoginWebViewController.swift; sourceTree = "<group>"; };
		8B1D536327EA48C000F2A0FD /* FriendsTableViewController.swift */ = {isa = PBXFileReference; lastKnownFileType = sourcecode.swift; path = FriendsTableViewController.swift; sourceTree = "<group>"; };
		8B1D536527EA596200F2A0FD /* GroupsTableViewController.swift */ = {isa = PBXFileReference; lastKnownFileType = sourcecode.swift; path = GroupsTableViewController.swift; sourceTree = "<group>"; };
		8B1D536727EC218F00F2A0FD /* AllGroupsTableViewController.swift */ = {isa = PBXFileReference; lastKnownFileType = sourcecode.swift; path = AllGroupsTableViewController.swift; sourceTree = "<group>"; };
		8B1D536927EC37CB00F2A0FD /* DetailFriendsCollectionViewController.swift */ = {isa = PBXFileReference; lastKnownFileType = sourcecode.swift; path = DetailFriendsCollectionViewController.swift; sourceTree = "<group>"; };
		8B1D537227ED6D3F00F2A0FD /* FriendsAndGroupTableViewCell.swift */ = {isa = PBXFileReference; lastKnownFileType = sourcecode.swift; path = FriendsAndGroupTableViewCell.swift; sourceTree = "<group>"; };
		8B1D537B27EFE48E00F2A0FD /* PhotoCollectionViewCell.swift */ = {isa = PBXFileReference; lastKnownFileType = sourcecode.swift; path = PhotoCollectionViewCell.swift; sourceTree = "<group>"; };
		8B3367C02826AF0400890314 /* NetworkService.swift */ = {isa = PBXFileReference; lastKnownFileType = sourcecode.swift; path = NetworkService.swift; sourceTree = "<group>"; };
		8B3367C22826B35700890314 /* FriendsNetworkService.swift */ = {isa = PBXFileReference; lastKnownFileType = sourcecode.swift; path = FriendsNetworkService.swift; sourceTree = "<group>"; };
		8B49C2E72838EC3000BE6044 /* Response.swift */ = {isa = PBXFileReference; lastKnownFileType = sourcecode.swift; path = Response.swift; sourceTree = "<group>"; };
		8B49C2E92838F0C400BE6044 /* PhotoModel.swift */ = {isa = PBXFileReference; lastKnownFileType = sourcecode.swift; path = PhotoModel.swift; sourceTree = "<group>"; };
		8B49C2EB2838FB1100BE6044 /* FriendModel.swift */ = {isa = PBXFileReference; lastKnownFileType = sourcecode.swift; path = FriendModel.swift; sourceTree = "<group>"; };
		8B49C2ED283900C000BE6044 /* NewsfeedNetworkService.swift */ = {isa = PBXFileReference; lastKnownFileType = sourcecode.swift; path = NewsfeedNetworkService.swift; sourceTree = "<group>"; };
		8B4B30FB27FD3F0B0083A6BB /* AvatarCustomView.swift */ = {isa = PBXFileReference; lastKnownFileType = sourcecode.swift; path = AvatarCustomView.swift; sourceTree = "<group>"; };
		8B4B30FD27FD743D0083A6BB /* LikeCustomControl.swift */ = {isa = PBXFileReference; lastKnownFileType = sourcecode.swift; path = LikeCustomControl.swift; sourceTree = "<group>"; };
		8B4B30FF2800E1830083A6BB /* NavigationFriendsCustomControl.swift */ = {isa = PBXFileReference; lastKnownFileType = sourcecode.swift; path = NavigationFriendsCustomControl.swift; sourceTree = "<group>"; };
		8B4B310128025CE20083A6BB /* NewsTableViewController.swift */ = {isa = PBXFileReference; lastKnownFileType = sourcecode.swift; path = NewsTableViewController.swift; sourceTree = "<group>"; };
		8B4B31052804D1390083A6BB /* NewsModel.swift */ = {isa = PBXFileReference; lastKnownFileType = sourcecode.swift; path = NewsModel.swift; sourceTree = "<group>"; };
		8B4B310728071C580083A6BB /* LoadViewController.swift */ = {isa = PBXFileReference; lastKnownFileType = sourcecode.swift; path = LoadViewController.swift; sourceTree = "<group>"; };
		8B4B310928077BA90083A6BB /* PhotoViewController.swift */ = {isa = PBXFileReference; lastKnownFileType = sourcecode.swift; path = PhotoViewController.swift; sourceTree = "<group>"; };
		8B4B310B280F5A960083A6BB /* TransitionAnimator.swift */ = {isa = PBXFileReference; lastKnownFileType = sourcecode.swift; path = TransitionAnimator.swift; sourceTree = "<group>"; };
		8B4B310D280F66AA0083A6BB /* NavigationControllerDelegate.swift */ = {isa = PBXFileReference; lastKnownFileType = sourcecode.swift; path = NavigationControllerDelegate.swift; sourceTree = "<group>"; };
		8B4B31112811F9E70083A6BB /* Session.swift */ = {isa = PBXFileReference; lastKnownFileType = sourcecode.swift; path = Session.swift; sourceTree = "<group>"; };
		8BB2C5092863A9C000D74DF2 /* ContentTextCell.swift */ = {isa = PBXFileReference; lastKnownFileType = sourcecode.swift; path = ContentTextCell.swift; sourceTree = "<group>"; };
		8BB2C50B2863A9D700D74DF2 /* ContentImageCell.swift */ = {isa = PBXFileReference; lastKnownFileType = sourcecode.swift; path = ContentImageCell.swift; sourceTree = "<group>"; };
		8BB2C50D2863AA0700D74DF2 /* FooterNewsCell.swift */ = {isa = PBXFileReference; lastKnownFileType = sourcecode.swift; path = FooterNewsCell.swift; sourceTree = "<group>"; };
		8BD28DB227D144AA002555F8 /* VK_app.app */ = {isa = PBXFileReference; explicitFileType = wrapper.application; includeInIndex = 0; path = VK_app.app; sourceTree = BUILT_PRODUCTS_DIR; };
		8BD28DB527D144AA002555F8 /* AppDelegate.swift */ = {isa = PBXFileReference; lastKnownFileType = sourcecode.swift; path = AppDelegate.swift; sourceTree = "<group>"; };
		8BD28DB727D144AA002555F8 /* SceneDelegate.swift */ = {isa = PBXFileReference; lastKnownFileType = sourcecode.swift; path = SceneDelegate.swift; sourceTree = "<group>"; };
		8BD28DB927D144AA002555F8 /* LoginViewController.swift */ = {isa = PBXFileReference; lastKnownFileType = sourcecode.swift; path = LoginViewController.swift; sourceTree = "<group>"; };
		8BD28DBC27D144AA002555F8 /* Base */ = {isa = PBXFileReference; lastKnownFileType = file.storyboard; name = Base; path = Base.lproj/Main.storyboard; sourceTree = "<group>"; };
		8BD28DBF27D144AA002555F8 /* VK_app.xcdatamodel */ = {isa = PBXFileReference; lastKnownFileType = wrapper.xcdatamodel; path = VK_app.xcdatamodel; sourceTree = "<group>"; };
		8BD28DC127D144AC002555F8 /* Assets.xcassets */ = {isa = PBXFileReference; lastKnownFileType = folder.assetcatalog; path = Assets.xcassets; sourceTree = "<group>"; };
		8BD28DC427D144AC002555F8 /* Base */ = {isa = PBXFileReference; lastKnownFileType = file.storyboard; name = Base; path = Base.lproj/LaunchScreen.storyboard; sourceTree = "<group>"; };
		8BD28DC627D144AC002555F8 /* Info.plist */ = {isa = PBXFileReference; lastKnownFileType = text.plist.xml; path = Info.plist; sourceTree = "<group>"; };
		8BF81C94282AF37200E81C7B /* PhotosNetworkService.swift */ = {isa = PBXFileReference; lastKnownFileType = sourcecode.swift; path = PhotosNetworkService.swift; sourceTree = "<group>"; };
		8BF81C96282B0CF700E81C7B /* GroupNetworkService.swift */ = {isa = PBXFileReference; lastKnownFileType = sourcecode.swift; path = GroupNetworkService.swift; sourceTree = "<group>"; };
		8BF81CAB282D50BA00E81C7B /* GroupModel.swift */ = {isa = PBXFileReference; lastKnownFileType = sourcecode.swift; path = GroupModel.swift; sourceTree = "<group>"; };
		8BFBCBDB28591BA200514ED6 /* GoogleService-Info.plist */ = {isa = PBXFileReference; fileEncoding = 4; lastKnownFileType = text.plist.xml; path = "GoogleService-Info.plist"; sourceTree = "<group>"; };
		8BFBCBE62859228F00514ED6 /* FirebaseService.swift */ = {isa = PBXFileReference; lastKnownFileType = sourcecode.swift; path = FirebaseService.swift; sourceTree = "<group>"; };
		8BFBCBEB2859518D00514ED6 /* RealmService.swift */ = {isa = PBXFileReference; lastKnownFileType = sourcecode.swift; path = RealmService.swift; sourceTree = "<group>"; };
		8BFBCBED285951BE00514ED6 /* RealmFriend.swift */ = {isa = PBXFileReference; lastKnownFileType = sourcecode.swift; path = RealmFriend.swift; sourceTree = "<group>"; };
		8BFBCBEF285951DD00514ED6 /* RealmGroup.swift */ = {isa = PBXFileReference; lastKnownFileType = sourcecode.swift; path = RealmGroup.swift; sourceTree = "<group>"; };
		8BFBCBF1285951FE00514ED6 /* RealmPhoto.swift */ = {isa = PBXFileReference; lastKnownFileType = sourcecode.swift; path = RealmPhoto.swift; sourceTree = "<group>"; };
		8BFBCBF52859532B00514ED6 /* DataService.swift */ = {isa = PBXFileReference; lastKnownFileType = sourcecode.swift; path = DataService.swift; sourceTree = "<group>"; };
/* End PBXFileReference section */

/* Begin PBXFrameworksBuildPhase section */
		8BD28DAF27D144AA002555F8 /* Frameworks */ = {
			isa = PBXFrameworksBuildPhase;
			buildActionMask = 2147483647;
			files = (
				8B49C2FB283BFF3F00BE6044 /* RealmSwift in Frameworks */,
			);
			runOnlyForDeploymentPostprocessing = 0;
		};
/* End PBXFrameworksBuildPhase section */

/* Begin PBXGroup section */
		8B1D536B27EC3CE800F2A0FD /* Controller */ = {
			isa = PBXGroup;
			children = (
				8B1D536927EC37CB00F2A0FD /* DetailFriendsCollectionViewController.swift */,
				8BD28DB927D144AA002555F8 /* LoginViewController.swift */,
				8B1D536327EA48C000F2A0FD /* FriendsTableViewController.swift */,
				8B1D536527EA596200F2A0FD /* GroupsTableViewController.swift */,
				8B1D536727EC218F00F2A0FD /* AllGroupsTableViewController.swift */,
				8B4B310728071C580083A6BB /* LoadViewController.swift */,
				8B4B310928077BA90083A6BB /* PhotoViewController.swift */,
				8B4B310B280F5A960083A6BB /* TransitionAnimator.swift */,
				8B4B310D280F66AA0083A6BB /* NavigationControllerDelegate.swift */,
				8B1754822822A89C00E4AC5D /* LoginWebViewController.swift */,
			);
			path = Controller;
			sourceTree = "<group>";
		};
		8B1D536D27ED5CEE00F2A0FD /* Model */ = {
			isa = PBXGroup;
			children = (
				8B4B31112811F9E70083A6BB /* Session.swift */,
				8BF81CAB282D50BA00E81C7B /* GroupModel.swift */,
				8B49C2E72838EC3000BE6044 /* Response.swift */,
				8B49C2E92838F0C400BE6044 /* PhotoModel.swift */,
				8B49C2EB2838FB1100BE6044 /* FriendModel.swift */,
			);
			path = Model;
			sourceTree = "<group>";
		};
		8B1D537627EF99E700F2A0FD /* View */ = {
			isa = PBXGroup;
			children = (
				8B1D537227ED6D3F00F2A0FD /* FriendsAndGroupTableViewCell.swift */,
				8B1D537B27EFE48E00F2A0FD /* PhotoCollectionViewCell.swift */,
				8B4B30FB27FD3F0B0083A6BB /* AvatarCustomView.swift */,
				8B4B30FD27FD743D0083A6BB /* LikeCustomControl.swift */,
				8B4B30FF2800E1830083A6BB /* NavigationFriendsCustomControl.swift */,
			);
			path = View;
			sourceTree = "<group>";
		};
		8B3367BF2826AEEA00890314 /* NetworkService */ = {
			isa = PBXGroup;
			children = (
				8B3367C02826AF0400890314 /* NetworkService.swift */,
				8B3367C22826B35700890314 /* FriendsNetworkService.swift */,
				8BF81C94282AF37200E81C7B /* PhotosNetworkService.swift */,
				8BF81C96282B0CF700E81C7B /* GroupNetworkService.swift */,
				8B49C2ED283900C000BE6044 /* NewsfeedNetworkService.swift */,
			);
			path = NetworkService;
			sourceTree = "<group>";
		};
		8B359C44286C578000FFACD3 /* Cells */ = {
			isa = PBXGroup;
			children = (
				8BB2C5092863A9C000D74DF2 /* ContentTextCell.swift */,
				8BB2C50B2863A9D700D74DF2 /* ContentImageCell.swift */,
				8BB2C50D2863AA0700D74DF2 /* FooterNewsCell.swift */,
			);
			path = Cells;
			sourceTree = "<group>";
		};
		8B49C2EF283BFC7300BE6044 /* DBService */ = {
			isa = PBXGroup;
			children = (
				8BFBCBEA2859516700514ED6 /* RealmModel */,
				8BFBCBE52859225600514ED6 /* Firebase */,
				8BFBCBEB2859518D00514ED6 /* RealmService.swift */,
			);
			path = DBService;
			sourceTree = "<group>";
		};
		8B8BD8AD283EFC950018A5CD /* Service */ = {
			isa = PBXGroup;
			children = (
				8B49C2EF283BFC7300BE6044 /* DBService */,
				8B3367BF2826AEEA00890314 /* NetworkService */,
				8BFBCBF52859532B00514ED6 /* DataService.swift */,
			);
			path = Service;
			sourceTree = "<group>";
		};
		8BB2C5082863A8DE00D74DF2 /* News */ = {
			isa = PBXGroup;
			children = (
				8B359C44286C578000FFACD3 /* Cells */,
				8B4B31052804D1390083A6BB /* NewsModel.swift */,
				8B4B310128025CE20083A6BB /* NewsTableViewController.swift */,
			);
			path = News;
			sourceTree = "<group>";
		};
		8BD28DA927D144AA002555F8 = {
			isa = PBXGroup;
			children = (
				8BD28DB427D144AA002555F8 /* VK_app */,
				8BD28DB327D144AA002555F8 /* Products */,
			);
			sourceTree = "<group>";
		};
		8BD28DB327D144AA002555F8 /* Products */ = {
			isa = PBXGroup;
			children = (
				8BD28DB227D144AA002555F8 /* VK_app.app */,
			);
			name = Products;
			sourceTree = "<group>";
		};
		8BD28DB427D144AA002555F8 /* VK_app */ = {
			isa = PBXGroup;
			children = (
				8BB2C5082863A8DE00D74DF2 /* News */,
				8B8BD8AD283EFC950018A5CD /* Service */,
				8B1D537627EF99E700F2A0FD /* View */,
				8B1D536D27ED5CEE00F2A0FD /* Model */,
				8B1D536B27EC3CE800F2A0FD /* Controller */,
				8BD28DB527D144AA002555F8 /* AppDelegate.swift */,
				8BD28DB727D144AA002555F8 /* SceneDelegate.swift */,
				8BD28DBB27D144AA002555F8 /* Main.storyboard */,
				8BD28DC127D144AC002555F8 /* Assets.xcassets */,
				8BFBCBDB28591BA200514ED6 /* GoogleService-Info.plist */,
				8BD28DC327D144AC002555F8 /* LaunchScreen.storyboard */,
				8BD28DC627D144AC002555F8 /* Info.plist */,
				8BD28DBE27D144AA002555F8 /* VK_app.xcdatamodeld */,
			);
			path = VK_app;
			sourceTree = "<group>";
		};
		8BFBCBE52859225600514ED6 /* Firebase */ = {
			isa = PBXGroup;
			children = (
				8BFBCBE62859228F00514ED6 /* FirebaseService.swift */,
			);
			path = Firebase;
			sourceTree = "<group>";
		};
		8BFBCBEA2859516700514ED6 /* RealmModel */ = {
			isa = PBXGroup;
			children = (
				8BFBCBED285951BE00514ED6 /* RealmFriend.swift */,
				8BFBCBEF285951DD00514ED6 /* RealmGroup.swift */,
				8BFBCBF1285951FE00514ED6 /* RealmPhoto.swift */,
			);
			path = RealmModel;
			sourceTree = "<group>";
		};
/* End PBXGroup section */

/* Begin PBXNativeTarget section */
		8BD28DB127D144AA002555F8 /* VK_app */ = {
			isa = PBXNativeTarget;
			buildConfigurationList = 8BD28DC927D144AC002555F8 /* Build configuration list for PBXNativeTarget "VK_app" */;
			buildPhases = (
				8BD28DAE27D144AA002555F8 /* Sources */,
				8BD28DAF27D144AA002555F8 /* Frameworks */,
				8BD28DB027D144AA002555F8 /* Resources */,
			);
			buildRules = (
			);
			dependencies = (
			);
			name = VK_app;
			packageProductDependencies = (
				8B49C2FA283BFF3F00BE6044 /* RealmSwift */,
			);
			productName = VK_app;
			productReference = 8BD28DB227D144AA002555F8 /* VK_app.app */;
			productType = "com.apple.product-type.application";
		};
/* End PBXNativeTarget section */

/* Begin PBXProject section */
		8BD28DAA27D144AA002555F8 /* Project object */ = {
			isa = PBXProject;
			attributes = {
				BuildIndependentTargetsInParallel = 1;
				LastSwiftUpdateCheck = 1320;
				LastUpgradeCheck = 1320;
				TargetAttributes = {
					8BD28DB127D144AA002555F8 = {
						CreatedOnToolsVersion = 13.2.1;
					};
				};
			};
			buildConfigurationList = 8BD28DAD27D144AA002555F8 /* Build configuration list for PBXProject "VK_app" */;
			compatibilityVersion = "Xcode 13.0";
			developmentRegion = en;
			hasScannedForEncodings = 0;
			knownRegions = (
				en,
				Base,
			);
			mainGroup = 8BD28DA927D144AA002555F8;
			packageReferences = (
				8B49C2F9283BFF3F00BE6044 /* XCRemoteSwiftPackageReference "realm-swift" */,
			);
			productRefGroup = 8BD28DB327D144AA002555F8 /* Products */;
			projectDirPath = "";
			projectRoot = "";
			targets = (
				8BD28DB127D144AA002555F8 /* VK_app */,
			);
		};
/* End PBXProject section */

/* Begin PBXResourcesBuildPhase section */
		8BD28DB027D144AA002555F8 /* Resources */ = {
			isa = PBXResourcesBuildPhase;
			buildActionMask = 2147483647;
			files = (
				8BD28DC527D144AC002555F8 /* LaunchScreen.storyboard in Resources */,
				8BFBCBDC28591BA200514ED6 /* GoogleService-Info.plist in Resources */,
				8BD28DC227D144AC002555F8 /* Assets.xcassets in Resources */,
				8BD28DBD27D144AA002555F8 /* Main.storyboard in Resources */,
			);
			runOnlyForDeploymentPostprocessing = 0;
		};
/* End PBXResourcesBuildPhase section */

/* Begin PBXSourcesBuildPhase section */
		8BD28DAE27D144AA002555F8 /* Sources */ = {
			isa = PBXSourcesBuildPhase;
			buildActionMask = 2147483647;
			files = (
				8BD28DC027D144AA002555F8 /* VK_app.xcdatamodeld in Sources */,
				8BFBCBEC2859518D00514ED6 /* RealmService.swift in Sources */,
				8BFBCBF0285951DD00514ED6 /* RealmGroup.swift in Sources */,
				8BF81C95282AF37200E81C7B /* PhotosNetworkService.swift in Sources */,
				8B4B310C280F5A970083A6BB /* TransitionAnimator.swift in Sources */,
				8BD28DBA27D144AA002555F8 /* LoginViewController.swift in Sources */,
				8B4B310E280F66AA0083A6BB /* NavigationControllerDelegate.swift in Sources */,
				8B4B30FE27FD743D0083A6BB /* LikeCustomControl.swift in Sources */,
				8B4B31062804D1390083A6BB /* NewsModel.swift in Sources */,
				8BF81CAC282D50BA00E81C7B /* GroupModel.swift in Sources */,
				8B49C2EC2838FB1100BE6044 /* FriendModel.swift in Sources */,
				8BB2C50E2863AA0700D74DF2 /* FooterNewsCell.swift in Sources */,
				8B4B30FC27FD3F0B0083A6BB /* AvatarCustomView.swift in Sources */,
				8BFBCBEE285951BE00514ED6 /* RealmFriend.swift in Sources */,
				8B1D536827EC218F00F2A0FD /* AllGroupsTableViewController.swift in Sources */,
				8BF81C97282B0CF700E81C7B /* GroupNetworkService.swift in Sources */,
				8B4B31122811F9E70083A6BB /* Session.swift in Sources */,
				8B1D537327ED6D4000F2A0FD /* FriendsAndGroupTableViewCell.swift in Sources */,
				8B4B310828071C580083A6BB /* LoadViewController.swift in Sources */,
				8BFBCBE72859228F00514ED6 /* FirebaseService.swift in Sources */,
				8B3367C12826AF0400890314 /* NetworkService.swift in Sources */,
				8B4B310228025CE20083A6BB /* NewsTableViewController.swift in Sources */,
				8BFBCBF62859532B00514ED6 /* DataService.swift in Sources */,
				8B1D536627EA596200F2A0FD /* GroupsTableViewController.swift in Sources */,
				8BD28DB627D144AA002555F8 /* AppDelegate.swift in Sources */,
				8BD28DB827D144AA002555F8 /* SceneDelegate.swift in Sources */,
				8B1D536427EA48C000F2A0FD /* FriendsTableViewController.swift in Sources */,
				8B4B31002800E1830083A6BB /* NavigationFriendsCustomControl.swift in Sources */,
				8B49C2E82838EC3000BE6044 /* Response.swift in Sources */,
				8B1D537C27EFE48E00F2A0FD /* PhotoCollectionViewCell.swift in Sources */,
				8B3367C32826B35700890314 /* FriendsNetworkService.swift in Sources */,
				8B49C2EE283900C000BE6044 /* NewsfeedNetworkService.swift in Sources */,
				8BFBCBF2285951FE00514ED6 /* RealmPhoto.swift in Sources */,
				8B1D536A27EC37CB00F2A0FD /* DetailFriendsCollectionViewController.swift in Sources */,
				8B49C2EA2838F0C400BE6044 /* PhotoModel.swift in Sources */,
				8B4B310A28077BAA0083A6BB /* PhotoViewController.swift in Sources */,
				8BB2C50A2863A9C000D74DF2 /* ContentTextCell.swift in Sources */,
				8B1754832822A89C00E4AC5D /* LoginWebViewController.swift in Sources */,
				8BB2C50C2863A9D700D74DF2 /* ContentImageCell.swift in Sources */,
			);
			runOnlyForDeploymentPostprocessing = 0;
		};
/* End PBXSourcesBuildPhase section */

/* Begin PBXVariantGroup section */
		8BD28DBB27D144AA002555F8 /* Main.storyboard */ = {
			isa = PBXVariantGroup;
			children = (
				8BD28DBC27D144AA002555F8 /* Base */,
			);
			name = Main.storyboard;
			sourceTree = "<group>";
		};
		8BD28DC327D144AC002555F8 /* LaunchScreen.storyboard */ = {
			isa = PBXVariantGroup;
			children = (
				8BD28DC427D144AC002555F8 /* Base */,
			);
			name = LaunchScreen.storyboard;
			sourceTree = "<group>";
		};
/* End PBXVariantGroup section */

/* Begin XCBuildConfiguration section */
		8BD28DC727D144AC002555F8 /* Debug */ = {
			isa = XCBuildConfiguration;
			buildSettings = {
				ALWAYS_SEARCH_USER_PATHS = NO;
				CLANG_ANALYZER_NONNULL = YES;
				CLANG_ANALYZER_NUMBER_OBJECT_CONVERSION = YES_AGGRESSIVE;
				CLANG_CXX_LANGUAGE_STANDARD = "gnu++17";
				CLANG_CXX_LIBRARY = "libc++";
				CLANG_ENABLE_MODULES = YES;
				CLANG_ENABLE_OBJC_ARC = YES;
				CLANG_ENABLE_OBJC_WEAK = YES;
				CLANG_WARN_BLOCK_CAPTURE_AUTORELEASING = YES;
				CLANG_WARN_BOOL_CONVERSION = YES;
				CLANG_WARN_COMMA = YES;
				CLANG_WARN_CONSTANT_CONVERSION = YES;
				CLANG_WARN_DEPRECATED_OBJC_IMPLEMENTATIONS = YES;
				CLANG_WARN_DIRECT_OBJC_ISA_USAGE = YES_ERROR;
				CLANG_WARN_DOCUMENTATION_COMMENTS = YES;
				CLANG_WARN_EMPTY_BODY = YES;
				CLANG_WARN_ENUM_CONVERSION = YES;
				CLANG_WARN_INFINITE_RECURSION = YES;
				CLANG_WARN_INT_CONVERSION = YES;
				CLANG_WARN_NON_LITERAL_NULL_CONVERSION = YES;
				CLANG_WARN_OBJC_IMPLICIT_RETAIN_SELF = YES;
				CLANG_WARN_OBJC_LITERAL_CONVERSION = YES;
				CLANG_WARN_OBJC_ROOT_CLASS = YES_ERROR;
				CLANG_WARN_QUOTED_INCLUDE_IN_FRAMEWORK_HEADER = YES;
				CLANG_WARN_RANGE_LOOP_ANALYSIS = YES;
				CLANG_WARN_STRICT_PROTOTYPES = YES;
				CLANG_WARN_SUSPICIOUS_MOVE = YES;
				CLANG_WARN_UNGUARDED_AVAILABILITY = YES_AGGRESSIVE;
				CLANG_WARN_UNREACHABLE_CODE = YES;
				CLANG_WARN__DUPLICATE_METHOD_MATCH = YES;
				COPY_PHASE_STRIP = NO;
				DEBUG_INFORMATION_FORMAT = dwarf;
				ENABLE_STRICT_OBJC_MSGSEND = YES;
				ENABLE_TESTABILITY = YES;
				GCC_C_LANGUAGE_STANDARD = gnu11;
				GCC_DYNAMIC_NO_PIC = NO;
				GCC_NO_COMMON_BLOCKS = YES;
				GCC_OPTIMIZATION_LEVEL = 0;
				GCC_PREPROCESSOR_DEFINITIONS = (
					"DEBUG=1",
					"$(inherited)",
				);
				GCC_WARN_64_TO_32_BIT_CONVERSION = YES;
				GCC_WARN_ABOUT_RETURN_TYPE = YES_ERROR;
				GCC_WARN_UNDECLARED_SELECTOR = YES;
				GCC_WARN_UNINITIALIZED_AUTOS = YES_AGGRESSIVE;
				GCC_WARN_UNUSED_FUNCTION = YES;
				GCC_WARN_UNUSED_VARIABLE = YES;
				IPHONEOS_DEPLOYMENT_TARGET = 15.2;
				MTL_ENABLE_DEBUG_INFO = INCLUDE_SOURCE;
				MTL_FAST_MATH = YES;
				ONLY_ACTIVE_ARCH = YES;
				SDKROOT = iphoneos;
				SWIFT_ACTIVE_COMPILATION_CONDITIONS = DEBUG;
				SWIFT_OPTIMIZATION_LEVEL = "-Onone";
			};
			name = Debug;
		};
		8BD28DC827D144AC002555F8 /* Release */ = {
			isa = XCBuildConfiguration;
			buildSettings = {
				ALWAYS_SEARCH_USER_PATHS = NO;
				CLANG_ANALYZER_NONNULL = YES;
				CLANG_ANALYZER_NUMBER_OBJECT_CONVERSION = YES_AGGRESSIVE;
				CLANG_CXX_LANGUAGE_STANDARD = "gnu++17";
				CLANG_CXX_LIBRARY = "libc++";
				CLANG_ENABLE_MODULES = YES;
				CLANG_ENABLE_OBJC_ARC = YES;
				CLANG_ENABLE_OBJC_WEAK = YES;
				CLANG_WARN_BLOCK_CAPTURE_AUTORELEASING = YES;
				CLANG_WARN_BOOL_CONVERSION = YES;
				CLANG_WARN_COMMA = YES;
				CLANG_WARN_CONSTANT_CONVERSION = YES;
				CLANG_WARN_DEPRECATED_OBJC_IMPLEMENTATIONS = YES;
				CLANG_WARN_DIRECT_OBJC_ISA_USAGE = YES_ERROR;
				CLANG_WARN_DOCUMENTATION_COMMENTS = YES;
				CLANG_WARN_EMPTY_BODY = YES;
				CLANG_WARN_ENUM_CONVERSION = YES;
				CLANG_WARN_INFINITE_RECURSION = YES;
				CLANG_WARN_INT_CONVERSION = YES;
				CLANG_WARN_NON_LITERAL_NULL_CONVERSION = YES;
				CLANG_WARN_OBJC_IMPLICIT_RETAIN_SELF = YES;
				CLANG_WARN_OBJC_LITERAL_CONVERSION = YES;
				CLANG_WARN_OBJC_ROOT_CLASS = YES_ERROR;
				CLANG_WARN_QUOTED_INCLUDE_IN_FRAMEWORK_HEADER = YES;
				CLANG_WARN_RANGE_LOOP_ANALYSIS = YES;
				CLANG_WARN_STRICT_PROTOTYPES = YES;
				CLANG_WARN_SUSPICIOUS_MOVE = YES;
				CLANG_WARN_UNGUARDED_AVAILABILITY = YES_AGGRESSIVE;
				CLANG_WARN_UNREACHABLE_CODE = YES;
				CLANG_WARN__DUPLICATE_METHOD_MATCH = YES;
				COPY_PHASE_STRIP = NO;
				DEBUG_INFORMATION_FORMAT = "dwarf-with-dsym";
				ENABLE_NS_ASSERTIONS = NO;
				ENABLE_STRICT_OBJC_MSGSEND = YES;
				GCC_C_LANGUAGE_STANDARD = gnu11;
				GCC_NO_COMMON_BLOCKS = YES;
				GCC_WARN_64_TO_32_BIT_CONVERSION = YES;
				GCC_WARN_ABOUT_RETURN_TYPE = YES_ERROR;
				GCC_WARN_UNDECLARED_SELECTOR = YES;
				GCC_WARN_UNINITIALIZED_AUTOS = YES_AGGRESSIVE;
				GCC_WARN_UNUSED_FUNCTION = YES;
				GCC_WARN_UNUSED_VARIABLE = YES;
				IPHONEOS_DEPLOYMENT_TARGET = 15.2;
				MTL_ENABLE_DEBUG_INFO = NO;
				MTL_FAST_MATH = YES;
				SDKROOT = iphoneos;
				SWIFT_COMPILATION_MODE = wholemodule;
				SWIFT_OPTIMIZATION_LEVEL = "-O";
				VALIDATE_PRODUCT = YES;
			};
			name = Release;
		};
		8BD28DCA27D144AC002555F8 /* Debug */ = {
			isa = XCBuildConfiguration;
			buildSettings = {
				ASSETCATALOG_COMPILER_APPICON_NAME = AppIcon;
				ASSETCATALOG_COMPILER_GLOBAL_ACCENT_COLOR_NAME = AccentColor;
				CODE_SIGN_STYLE = Automatic;
				CURRENT_PROJECT_VERSION = 1;
				GENERATE_INFOPLIST_FILE = YES;
				INFOPLIST_FILE = VK_app/Info.plist;
				INFOPLIST_KEY_UIApplicationSupportsIndirectInputEvents = YES;
				INFOPLIST_KEY_UILaunchStoryboardName = LaunchScreen;
				INFOPLIST_KEY_UIMainStoryboardFile = Main;
				INFOPLIST_KEY_UISupportedInterfaceOrientations_iPad = "UIInterfaceOrientationPortrait UIInterfaceOrientationPortraitUpsideDown UIInterfaceOrientationLandscapeLeft UIInterfaceOrientationLandscapeRight";
				INFOPLIST_KEY_UISupportedInterfaceOrientations_iPhone = "UIInterfaceOrientationPortrait UIInterfaceOrientationLandscapeLeft UIInterfaceOrientationLandscapeRight";
				LD_RUNPATH_SEARCH_PATHS = (
					"$(inherited)",
					"@executable_path/Frameworks",
				);
				MARKETING_VERSION = 1.0;
				PRODUCT_BUNDLE_IDENTIFIER = "test.VK-app";
				PRODUCT_NAME = "$(TARGET_NAME)";
				SWIFT_EMIT_LOC_STRINGS = YES;
				SWIFT_VERSION = 5.0;
				TARGETED_DEVICE_FAMILY = "1,2";
			};
			name = Debug;
		};
		8BD28DCB27D144AC002555F8 /* Release */ = {
			isa = XCBuildConfiguration;
			buildSettings = {
				ASSETCATALOG_COMPILER_APPICON_NAME = AppIcon;
				ASSETCATALOG_COMPILER_GLOBAL_ACCENT_COLOR_NAME = AccentColor;
				CODE_SIGN_STYLE = Automatic;
				CURRENT_PROJECT_VERSION = 1;
				GENERATE_INFOPLIST_FILE = YES;
				INFOPLIST_FILE = VK_app/Info.plist;
				INFOPLIST_KEY_UIApplicationSupportsIndirectInputEvents = YES;
				INFOPLIST_KEY_UILaunchStoryboardName = LaunchScreen;
				INFOPLIST_KEY_UIMainStoryboardFile = Main;
				INFOPLIST_KEY_UISupportedInterfaceOrientations_iPad = "UIInterfaceOrientationPortrait UIInterfaceOrientationPortraitUpsideDown UIInterfaceOrientationLandscapeLeft UIInterfaceOrientationLandscapeRight";
				INFOPLIST_KEY_UISupportedInterfaceOrientations_iPhone = "UIInterfaceOrientationPortrait UIInterfaceOrientationLandscapeLeft UIInterfaceOrientationLandscapeRight";
				LD_RUNPATH_SEARCH_PATHS = (
					"$(inherited)",
					"@executable_path/Frameworks",
				);
				MARKETING_VERSION = 1.0;
				PRODUCT_BUNDLE_IDENTIFIER = "test.VK-app";
				PRODUCT_NAME = "$(TARGET_NAME)";
				SWIFT_EMIT_LOC_STRINGS = YES;
				SWIFT_VERSION = 5.0;
				TARGETED_DEVICE_FAMILY = "1,2";
			};
			name = Release;
		};
/* End XCBuildConfiguration section */

/* Begin XCConfigurationList section */
		8BD28DAD27D144AA002555F8 /* Build configuration list for PBXProject "VK_app" */ = {
			isa = XCConfigurationList;
			buildConfigurations = (
				8BD28DC727D144AC002555F8 /* Debug */,
				8BD28DC827D144AC002555F8 /* Release */,
			);
			defaultConfigurationIsVisible = 0;
			defaultConfigurationName = Release;
		};
		8BD28DC927D144AC002555F8 /* Build configuration list for PBXNativeTarget "VK_app" */ = {
			isa = XCConfigurationList;
			buildConfigurations = (
				8BD28DCA27D144AC002555F8 /* Debug */,
				8BD28DCB27D144AC002555F8 /* Release */,
			);
			defaultConfigurationIsVisible = 0;
			defaultConfigurationName = Release;
		};
/* End XCConfigurationList section */

/* Begin XCRemoteSwiftPackageReference section */
		8B49C2F9283BFF3F00BE6044 /* XCRemoteSwiftPackageReference "realm-swift" */ = {
			isa = XCRemoteSwiftPackageReference;
			repositoryURL = "https://github.com/realm/realm-swift.git";
			requirement = {
				branch = master;
				kind = branch;
			};
		};
/* End XCRemoteSwiftPackageReference section */

/* Begin XCSwiftPackageProductDependency section */
		8B49C2FA283BFF3F00BE6044 /* RealmSwift */ = {
			isa = XCSwiftPackageProductDependency;
			package = 8B49C2F9283BFF3F00BE6044 /* XCRemoteSwiftPackageReference "realm-swift" */;
			productName = RealmSwift;
		};
/* End XCSwiftPackageProductDependency section */

/* Begin XCVersionGroup section */
		8BD28DBE27D144AA002555F8 /* VK_app.xcdatamodeld */ = {
			isa = XCVersionGroup;
			children = (
				8BD28DBF27D144AA002555F8 /* VK_app.xcdatamodel */,
			);
			currentVersion = 8BD28DBF27D144AA002555F8 /* VK_app.xcdatamodel */;
			path = VK_app.xcdatamodeld;
			sourceTree = "<group>";
			versionGroupType = wrapper.xcdatamodel;
		};
/* End XCVersionGroup section */
	};
	rootObject = 8BD28DAA27D144AA002555F8 /* Project object */;
}
